
Microsoft Visual Studio Solution File, Format Version 12.00
# Visual Studio Version 16
VisualStudioVersion = 16.0.30413.136
MinimumVisualStudioVersion = 10.0.40219.1
Project("{FAE04EC0-301F-11D3-BF4B-00C04F79EFBC}") = "E-Liquid", "E-Liquid.csproj", "{0379F9C6-D102-4929-9B01-5FFCDDA95515}"
EndProject
Global
	GlobalSection(SolutionConfigurationPlatforms) = preSolution
		Debug|Any CPU = Debug|Any CPU
		Release|Any CPU = Release|Any CPU
	EndGlobalSection
	GlobalSection(ProjectConfigurationPlatforms) = postSolution
		{0379F9C6-D102-4929-9B01-5FFCDDA95515}.Debug|Any CPU.ActiveCfg = Debug|Any CPU
		{0379F9C6-D102-4929-9B01-5FFCDDA95515}.Debug|Any CPU.Build.0 = Debug|Any CPU
		{0379F9C6-D102-4929-9B01-5FFCDDA95515}.Release|Any CPU.ActiveCfg = Release|Any CPU
		{0379F9C6-D102-4929-9B01-5FFCDDA95515}.Release|Any CPU.Build.0 = Release|Any CPU
	EndGlobalSection
	GlobalSection(SolutionProperties) = preSolution
		HideSolutionNode = FALSE
	EndGlobalSection
	GlobalSection(ExtensibilityGlobals) = postSolution
		SolutionGuid = {0DBB9ACF-02CF-480D-89E5-100985AF5E86}
	EndGlobalSection
EndGlobal
